Microsoft Visual Studio Solution File, Format Version 12.00
# Visual Studio Version 17
VisualStudioVersion = 17.5.2.0
MinimumVisualStudioVersion = 10.0.40219.1
Project("{FAE04EC0-301F-11D3-BF4B-00C04F79EFBC}") = "AppSenAgriculture", "AppSenAgriculture.csproj", "{2BAC1B0A-57A1-80DC-7767-57B744605086}"
EndProject
Global
	GlobalSection(SolutionConfigurationPlatforms) = preSolution
		Debug|Any CPU = Debug|Any CPU
		Release|Any CPU = Release|Any CPU
	EndGlobalSection
	GlobalSection(ProjectConfigurationPlatforms) = postSolution
		{2BAC1B0A-57A1-80DC-7767-57B744605086}.Debug|Any CPU.ActiveCfg = Debug|Any CPU
		{2BAC1B0A-57A1-80DC-7767-57B744605086}.Debug|Any CPU.Build.0 = Debug|Any CPU
		{2BAC1B0A-57A1-80DC-7767-57B744605086}.Release|Any CPU.ActiveCfg = Release|Any CPU
		{2BAC1B0A-57A1-80DC-7767-57B744605086}.Release|Any CPU.Build.0 = Release|Any CPU
	EndGlobalSection
	GlobalSection(SolutionProperties) = preSolution
		HideSolutionNode = FALSE
	EndGlobalSection
	GlobalSection(ExtensibilityGlobals) = postSolution
		SolutionGuid = {3DE9E8C9-2775-4253-9BE0-82C979569684}
	EndGlobalSection
EndGlobal
